// !$*UTF8*$!
{
	archiveVersion = 1;
	classes = {
	};
	objectVersion = 46;
	objects = {

/* Begin PBXBuildFile section */
		FE2FF68B1C4AF741003CD296 /* motorsrunning.c in Sources */ = {isa = PBXBuildFile; fileRef = FE2FF67D1C4AF4D2003CD296 /* motorsrunning.c */; };
		FE2FF68C1C4AF924003CD296 /* msp.c in Sources */ = {isa = PBXBuildFile; fileRef = FE5630351C308C860094EC24 /* msp.c */; };
		FE2FF68D1C4AF924003CD296 /* serial.c in Sources */ = {isa = PBXBuildFile; fileRef = FE5630321C307EB40094EC24 /* serial.c */; };
		FE5630291C302F5A0094EC24 /* main.c in Sources */ = {isa = PBXBuildFile; fileRef = FE5630281C302F5A0094EC24 /* main.c */; };
		FE5630341C307EB40094EC24 /* serial.c in Sources */ = {isa = PBXBuildFile; fileRef = FE5630321C307EB40094EC24 /* serial.c */; };
		FE5630371C308C860094EC24 /* msp.c in Sources */ = {isa = PBXBuildFile; fileRef = FE5630351C308C860094EC24 /* msp.c */; };
		FEE13C9E1C4AE5DE0057FAC1 /* Makefile in Sources */ = {isa = PBXBuildFile; fileRef = FEE13C921C4AE5DE0057FAC1 /* Makefile */; };
/* End PBXBuildFile section */

/* Begin PBXCopyFilesBuildPhase section */
		FE2FF6821C4AF72C003CD296 /* CopyFiles */ = {
			isa = PBXCopyFilesBuildPhase;
			buildActionMask = 2147483647;
			dstPath = /usr/share/man/man1/;
			dstSubfolderSpec = 0;
			files = (
			);
			runOnlyForDeploymentPostprocessing = 1;
		};
		FE5630231C302F5A0094EC24 /* CopyFiles */ = {
			isa = PBXCopyFilesBuildPhase;
			buildActionMask = 2147483647;
			dstPath = /usr/share/man/man1/;
			dstSubfolderSpec = 0;
			files = (
			);
			runOnlyForDeploymentPostprocessing = 1;
		};
/* End PBXCopyFilesBuildPhase section */

/* Begin PBXFileReference section */
		FE2FF67D1C4AF4D2003CD296 /* motorsrunning.c */ = {isa = PBXFileReference; fileEncoding = 4; lastKnownFileType = sourcecode.c.c; path = motorsrunning.c; sourceTree = "<group>"; };
		FE2FF67E1C4AF4D2003CD296 /* motorsrunning.h */ = {isa = PBXFileReference; fileEncoding = 4; lastKnownFileType = sourcecode.c.h; path = motorsrunning.h; sourceTree = "<group>"; };
		FE2FF6841C4AF72C003CD296 /* motorsrunning */ = {isa = PBXFileReference; explicitFileType = "compiled.mach-o.executable"; includeInIndex = 0; path = motorsrunning; sourceTree = BUILT_PRODUCTS_DIR; };
		FE35A9211C542C0600892290 /* index.php */ = {isa = PBXFileReference; fileEncoding = 4; lastKnownFileType = text.script.php; name = index.php; path = get_msp_telemetry/Web/index.php; sourceTree = "<group>"; };
		FE35A9221C542C0600892290 /* telemetry.xsl */ = {isa = PBXFileReference; fileEncoding = 4; lastKnownFileType = text.xml; name = telemetry.xsl; path = get_msp_telemetry/Web/telemetry.xsl; sourceTree = "<group>"; };
		FE35A9231C542C0600892290 /* status_mjpeg.php */ = {isa = PBXFileReference; fileEncoding = 4; lastKnownFileType = text.script.php; name = status_mjpeg.php; path = get_msp_telemetry/Web/status_mjpeg.php; sourceTree = "<group>"; };
		FE35A9241C542C0600892290 /* style_minified.css */ = {isa = PBXFileReference; fileEncoding = 4; lastKnownFileType = text.css; name = style_minified.css; path = get_msp_telemetry/Web/style_minified.css; sourceTree = "<group>"; };
		FE35A9251C542C1500892290 /* script.js */ = {isa = PBXFileReference; fileEncoding = 4; lastKnownFileType = sourcecode.javascript; name = script.js; path = get_msp_telemetry/Web/js/script.js; sourceTree = "<group>"; };
		FE35A9261C542C1500892290 /* xslt.js */ = {isa = PBXFileReference; fileEncoding = 4; lastKnownFileType = sourcecode.javascript; name = xslt.js; path = get_msp_telemetry/Web/js/xslt.js; sourceTree = "<group>"; };
		FE5630251C302F5A0094EC24 /* get_msp_telemetry */ = {isa = PBXFileReference; explicitFileType = "compiled.mach-o.executable"; includeInIndex = 0; path = get_msp_telemetry; sourceTree = BUILT_PRODUCTS_DIR; };
		FE5630281C302F5A0094EC24 /* main.c */ = {isa = PBXFileReference; lastKnownFileType = sourcecode.c.c; path = main.c; sourceTree = "<group>"; };
		FE5630311C30316F0094EC24 /* types.h */ = {isa = PBXFileReference; lastKnownFileType = sourcecode.c.h; path = types.h; sourceTree = "<group>"; };
		FE5630321C307EB40094EC24 /* serial.c */ = {isa = PBXFileReference; fileEncoding = 4; lastKnownFileType = sourcecode.c.c; path = serial.c; sourceTree = "<group>"; };
		FE5630331C307EB40094EC24 /* serial.h */ = {isa = PBXFileReference; fileEncoding = 4; lastKnownFileType = sourcecode.c.h; path = serial.h; sourceTree = "<group>"; };
		FE5630351C308C860094EC24 /* msp.c */ = {isa = PBXFileReference; fileEncoding = 4; lastKnownFileType = sourcecode.c.c; path = msp.c; sourceTree = "<group>"; };
		FE5630361C308C860094EC24 /* msp.h */ = {isa = PBXFileReference; fileEncoding = 4; lastKnownFileType = sourcecode.c.h; path = msp.h; sourceTree = "<group>"; };
		FE5630381C31E1640094EC24 /* example.xml */ = {isa = PBXFileReference; fileEncoding = 4; lastKnownFileType = text.xml; path = example.xml; sourceTree = "<group>"; };
		FE6ADE2B1C4D8CB000962AA1 /* morseflyer.sh */ = {isa = PBXFileReference; fileEncoding = 4; lastKnownFileType = text.script.sh; name = morseflyer.sh; path = get_msp_telemetry/scripts/morseflyer.sh; sourceTree = "<group>"; };
		FE6ADE2C1C4D8CB000962AA1 /* morseflyer_loop.sh */ = {isa = PBXFileReference; fileEncoding = 4; lastKnownFileType = text.script.sh; name = morseflyer_loop.sh; path = get_msp_telemetry/scripts/morseflyer_loop.sh; sourceTree = "<group>"; };
		FEE13C921C4AE5DE0057FAC1 /* Makefile */ = {isa = PBXFileReference; fileEncoding = 4; lastKnownFileType = sourcecode.make; name = Makefile; path = get_msp_telemetry/Makefile; sourceTree = "<group>"; };
		FEE13C931C4AE5DE0057FAC1 /* configure */ = {isa = PBXFileReference; fileEncoding = 4; lastKnownFileType = text.script.sh; name = configure; path = get_msp_telemetry/configure; sourceTree = "<group>"; };
		FEE13C941C4AE5DE0057FAC1 /* Makefile.in */ = {isa = PBXFileReference; fileEncoding = 4; lastKnownFileType = text; name = Makefile.in; path = get_msp_telemetry/Makefile.in; sourceTree = "<group>"; };
		FEE13C951C4AE5DE0057FAC1 /* aclocal.m4 */ = {isa = PBXFileReference; fileEncoding = 4; lastKnownFileType = text; name = aclocal.m4; path = get_msp_telemetry/aclocal.m4; sourceTree = "<group>"; };
		FEE13C961C4AE5DE0057FAC1 /* AUTHORS */ = {isa = PBXFileReference; fileEncoding = 4; lastKnownFileType = text; name = AUTHORS; path = get_msp_telemetry/AUTHORS; sourceTree = "<group>"; };
		FEE13C971C4AE5DE0057FAC1 /* ChangeLog */ = {isa = PBXFileReference; fileEncoding = 4; lastKnownFileType = text; name = ChangeLog; path = get_msp_telemetry/ChangeLog; sourceTree = "<group>"; };
		FEE13C981C4AE5DE0057FAC1 /* NEWS */ = {isa = PBXFileReference; fileEncoding = 4; lastKnownFileType = text; name = NEWS; path = get_msp_telemetry/NEWS; sourceTree = "<group>"; };
		FEE13C991C4AE5DE0057FAC1 /* README */ = {isa = PBXFileReference; fileEncoding = 4; lastKnownFileType = text; name = README; path = get_msp_telemetry/README; sourceTree = "<group>"; };
		FEE13C9A1C4AE5DE0057FAC1 /* configure.ac */ = {isa = PBXFileReference; fileEncoding = 4; lastKnownFileType = text; name = configure.ac; path = get_msp_telemetry/configure.ac; sourceTree = "<group>"; };
		FEE13C9B1C4AE5DE0057FAC1 /* Makefile.am */ = {isa = PBXFileReference; fileEncoding = 4; lastKnownFileType = text; name = Makefile.am; path = get_msp_telemetry/Makefile.am; sourceTree = "<group>"; };
		FEE13C9C1C4AE5DE0057FAC1 /* COPYING */ = {isa = PBXFileReference; fileEncoding = 4; lastKnownFileType = text; name = COPYING; path = get_msp_telemetry/COPYING; sourceTree = "<group>"; };
		FEE13C9D1C4AE5DE0057FAC1 /* INSTALL */ = {isa = PBXFileReference; fileEncoding = 4; lastKnownFileType = text; name = INSTALL; path = get_msp_telemetry/INSTALL; sourceTree = "<group>"; };
/* End PBXFileReference section */

/* Begin PBXFrameworksBuildPhase section */
		FE2FF6811C4AF72C003CD296 /* Frameworks */ = {
			isa = PBXFrameworksBuildPhase;
			buildActionMask = 2147483647;
			files = (
			);
			runOnlyForDeploymentPostprocessing = 0;
		};
		FE5630221C302F5A0094EC24 /* Frameworks */ = {
			isa = PBXFrameworksBuildPhase;
			buildActionMask = 2147483647;
			files = (
			);
			runOnlyForDeploymentPostprocessing = 0;
		};
/* End PBXFrameworksBuildPhase section */

/* Begin PBXGroup section */
		FE35A91F1C542B0400892290 /* Web */ = {
			isa = PBXGroup;
			children = (
				FE35A9211C542C0600892290 /* index.php */,
				FE35A9221C542C0600892290 /* telemetry.xsl */,
				FE35A9231C542C0600892290 /* status_mjpeg.php */,
				FE35A9241C542C0600892290 /* style_minified.css */,
				FE35A9201C542B0D00892290 /* js */,
			);
			name = Web;
			sourceTree = "<group>";
		};
		FE35A9201C542B0D00892290 /* js */ = {
			isa = PBXGroup;
			children = (
				FE35A9251C542C1500892290 /* script.js */,
				FE35A9261C542C1500892290 /* xslt.js */,
			);
			name = js;
			sourceTree = "<group>";
		};
		FE56301C1C302F5A0094EC24 = {
			isa = PBXGroup;
			children = (
				FE35A91F1C542B0400892290 /* Web */,
				FE6ADE2A1C4D8C4800962AA1 /* Scripts */,
				FEE13C911C4AE5410057FAC1 /* Build_files */,
				FE5630381C31E1640094EC24 /* example.xml */,
				FE5630271C302F5A0094EC24 /* get_msp_telemetry */,
				FE5630261C302F5A0094EC24 /* Products */,
			);
			sourceTree = "<group>";
		};
		FE5630261C302F5A0094EC24 /* Products */ = {
			isa = PBXGroup;
			children = (
				FE5630251C302F5A0094EC24 /* get_msp_telemetry */,
				FE2FF6841C4AF72C003CD296 /* motorsrunning */,
			);
			name = Products;
			sourceTree = "<group>";
		};
		FE5630271C302F5A0094EC24 /* get_msp_telemetry */ = {
			isa = PBXGroup;
			children = (
				FE5630281C302F5A0094EC24 /* main.c */,
				FE5630351C308C860094EC24 /* msp.c */,
				FE5630361C308C860094EC24 /* msp.h */,
				FE5630311C30316F0094EC24 /* types.h */,
				FE5630321C307EB40094EC24 /* serial.c */,
				FE5630331C307EB40094EC24 /* serial.h */,
				FE2FF67D1C4AF4D2003CD296 /* motorsrunning.c */,
				FE2FF67E1C4AF4D2003CD296 /* motorsrunning.h */,
			);
			path = get_msp_telemetry;
			sourceTree = "<group>";
		};
		FE6ADE2A1C4D8C4800962AA1 /* Scripts */ = {
			isa = PBXGroup;
			children = (
				FE6ADE2B1C4D8CB000962AA1 /* morseflyer.sh */,
				FE6ADE2C1C4D8CB000962AA1 /* morseflyer_loop.sh */,
			);
			name = Scripts;
			sourceTree = "<group>";
		};
		FEE13C911C4AE5410057FAC1 /* Build_files */ = {
			isa = PBXGroup;
			children = (
				FEE13C921C4AE5DE0057FAC1 /* Makefile */,
				FEE13C931C4AE5DE0057FAC1 /* configure */,
				FEE13C941C4AE5DE0057FAC1 /* Makefile.in */,
				FEE13C951C4AE5DE0057FAC1 /* aclocal.m4 */,
				FEE13C961C4AE5DE0057FAC1 /* AUTHORS */,
				FEE13C971C4AE5DE0057FAC1 /* ChangeLog */,
				FEE13C981C4AE5DE0057FAC1 /* NEWS */,
				FEE13C991C4AE5DE0057FAC1 /* README */,
				FEE13C9A1C4AE5DE0057FAC1 /* configure.ac */,
				FEE13C9B1C4AE5DE0057FAC1 /* Makefile.am */,
				FEE13C9C1C4AE5DE0057FAC1 /* COPYING */,
				FEE13C9D1C4AE5DE0057FAC1 /* INSTALL */,
			);
			name = Build_files;
			sourceTree = "<group>";
		};
/* End PBXGroup section */

/* Begin PBXNativeTarget section */
		FE2FF6831C4AF72C003CD296 /* motorsrunning */ = {
			isa = PBXNativeTarget;
			buildConfigurationList = FE2FF6881C4AF72D003CD296 /* Build configuration list for PBXNativeTarget "motorsrunning" */;
			buildPhases = (
				FE2FF6801C4AF72C003CD296 /* Sources */,
				FE2FF6811C4AF72C003CD296 /* Frameworks */,
				FE2FF6821C4AF72C003CD296 /* CopyFiles */,
			);
			buildRules = (
			);
			dependencies = (
			);
			name = motorsrunning;
			productName = motorsrunning;
			productReference = FE2FF6841C4AF72C003CD296 /* motorsrunning */;
			productType = "com.apple.product-type.tool";
		};
		FE5630241C302F5A0094EC24 /* get_msp_telemetry */ = {
			isa = PBXNativeTarget;
			buildConfigurationList = FE56302C1C302F5A0094EC24 /* Build configuration list for PBXNativeTarget "get_msp_telemetry" */;
			buildPhases = (
				FE5630211C302F5A0094EC24 /* Sources */,
				FE5630221C302F5A0094EC24 /* Frameworks */,
				FE5630231C302F5A0094EC24 /* CopyFiles */,
			);
			buildRules = (
			);
			dependencies = (
			);
			name = get_msp_telemetry;
			productName = get_msp_telemetry;
			productReference = FE5630251C302F5A0094EC24 /* get_msp_telemetry */;
			productType = "com.apple.product-type.tool";
		};
/* End PBXNativeTarget section */

/* Begin PBXProject section */
		FE56301D1C302F5A0094EC24 /* Project object */ = {
			isa = PBXProject;
			attributes = {
				LastUpgradeCheck = 0710;
				ORGANIZATIONNAME = "Morse Digital Media";
				TargetAttributes = {
					FE2FF6831C4AF72C003CD296 = {
						CreatedOnToolsVersion = 7.1.1;
					};
					FE5630241C302F5A0094EC24 = {
						CreatedOnToolsVersion = 7.1.1;
					};
				};
			};
			buildConfigurationList = FE5630201C302F5A0094EC24 /* Build configuration list for PBXProject "get_msp_telemetry" */;
			compatibilityVersion = "Xcode 3.2";
			developmentRegion = English;
			hasScannedForEncodings = 0;
			knownRegions = (
				en,
			);
			mainGroup = FE56301C1C302F5A0094EC24;
			productRefGroup = FE5630261C302F5A0094EC24 /* Products */;
			projectDirPath = "";
			projectRoot = "";
			targets = (
				FE5630241C302F5A0094EC24 /* get_msp_telemetry */,
				FE2FF6831C4AF72C003CD296 /* motorsrunning */,
			);
		};
/* End PBXProject section */

/* Begin PBXSourcesBuildPhase section */
		FE2FF6801C4AF72C003CD296 /* Sources */ = {
			isa = PBXSourcesBuildPhase;
			buildActionMask = 2147483647;
			files = (
				FE2FF68C1C4AF924003CD296 /* msp.c in Sources */,
				FE2FF68D1C4AF924003CD296 /* serial.c in Sources */,
				FE2FF68B1C4AF741003CD296 /* motorsrunning.c in Sources */,
			);
			runOnlyForDeploymentPostprocessing = 0;
		};
		FE5630211C302F5A0094EC24 /* Sources */ = {
			isa = PBXSourcesBuildPhase;
			buildActionMask = 2147483647;
			files = (
				FE5630371C308C860094EC24 /* msp.c in Sources */,
				FE5630291C302F5A0094EC24 /* main.c in Sources */,
				FEE13C9E1C4AE5DE0057FAC1 /* Makefile in Sources */,
				FE5630341C307EB40094EC24 /* serial.c in Sources */,
			);
			runOnlyForDeploymentPostprocessing = 0;
		};
/* End PBXSourcesBuildPhase section */

/* Begin XCBuildConfiguration section */
		FE2FF6891C4AF72D003CD296 /* Debug */ = {
			isa = XCBuildConfiguration;
			buildSettings = {
				PRODUCT_NAME = "$(TARGET_NAME)";
			};
			name = Debug;
		};
		FE2FF68A1C4AF72D003CD296 /* Release */ = {
			isa = XCBuildConfiguration;
			buildSettings = {
				PRODUCT_NAME = "$(TARGET_NAME)";
			};
			name = Release;
		};
		FE56302A1C302F5A0094EC24 /* Debug */ = {
			isa = XCBuildConfiguration;
			buildSettings = {
				ALWAYS_SEARCH_USER_PATHS = NO;
				CLANG_CXX_LANGUAGE_STANDARD = "gnu++0x";
				CLANG_CXX_LIBRARY = "libc++";
				CLANG_ENABLE_MODULES = YES;
				CLANG_ENABLE_OBJC_ARC = YES;
				CLANG_WARN_BOOL_CONVERSION = YES;
				CLANG_WARN_CONSTANT_CONVERSION = YES;
				CLANG_WARN_DIRECT_OBJC_ISA_USAGE = YES_ERROR;
				CLANG_WARN_EMPTY_BODY = YES;
				CLANG_WARN_ENUM_CONVERSION = YES;
				CLANG_WARN_INT_CONVERSION = YES;
				CLANG_WARN_OBJC_ROOT_CLASS = YES_ERROR;
				CLANG_WARN_UNREACHABLE_CODE = YES;
				CLANG_WARN__DUPLICATE_METHOD_MATCH = YES;
				CODE_SIGN_IDENTITY = "-";
				COPY_PHASE_STRIP = NO;
				DEBUG_INFORMATION_FORMAT = dwarf;
				ENABLE_STRICT_OBJC_MSGSEND = YES;
				ENABLE_TESTABILITY = YES;
				GCC_C_LANGUAGE_STANDARD = gnu99;
				GCC_DYNAMIC_NO_PIC = NO;
				GCC_NO_COMMON_BLOCKS = YES;
				GCC_OPTIMIZATION_LEVEL = 0;
				GCC_PREPROCESSOR_DEFINITIONS = (
					"DEBUG=1",
					"$(inherited)",
				);
				GCC_WARN_64_TO_32_BIT_CONVERSION = YES;
				GCC_WARN_ABOUT_RETURN_TYPE = YES_ERROR;
				GCC_WARN_UNDECLARED_SELECTOR = YES;
				GCC_WARN_UNINITIALIZED_AUTOS = YES_AGGRESSIVE;
				GCC_WARN_UNUSED_FUNCTION = YES;
				GCC_WARN_UNUSED_VARIABLE = YES;
				MACOSX_DEPLOYMENT_TARGET = 10.11;
				MTL_ENABLE_DEBUG_INFO = YES;
				ONLY_ACTIVE_ARCH = YES;
				SDKROOT = macosx;
			};
			name = Debug;
		};
		FE56302B1C302F5A0094EC24 /* Release */ = {
			isa = XCBuildConfiguration;
			buildSettings = {
				ALWAYS_SEARCH_USER_PATHS = NO;
				CLANG_CXX_LANGUAGE_STANDARD = "gnu++0x";
				CLANG_CXX_LIBRARY = "libc++";
				CLANG_ENABLE_MODULES = YES;
				CLANG_ENABLE_OBJC_ARC = YES;
				CLANG_WARN_BOOL_CONVERSION = YES;
				CLANG_WARN_CONSTANT_CONVERSION = YES;
				CLANG_WARN_DIRECT_OBJC_ISA_USAGE = YES_ERROR;
				CLANG_WARN_EMPTY_BODY = YES;
				CLANG_WARN_ENUM_CONVERSION = YES;
				CLANG_WARN_INT_CONVERSION = YES;
				CLANG_WARN_OBJC_ROOT_CLASS = YES_ERROR;
				CLANG_WARN_UNREACHABLE_CODE = YES;
				CLANG_WARN__DUPLICATE_METHOD_MATCH = YES;
				CODE_SIGN_IDENTITY = "-";
				COPY_PHASE_STRIP = NO;
				DEBUG_INFORMATION_FORMAT = "dwarf-with-dsym";
				ENABLE_NS_ASSERTIONS = NO;
				ENABLE_STRICT_OBJC_MSGSEND = YES;
				GCC_C_LANGUAGE_STANDARD = gnu99;
				GCC_NO_COMMON_BLOCKS = YES;
				GCC_WARN_64_TO_32_BIT_CONVERSION = YES;
				GCC_WARN_ABOUT_RETURN_TYPE = YES_ERROR;
				GCC_WARN_UNDECLARED_SELECTOR = YES;
				GCC_WARN_UNINITIALIZED_AUTOS = YES_AGGRESSIVE;
				GCC_WARN_UNUSED_FUNCTION = YES;
				GCC_WARN_UNUSED_VARIABLE = YES;
				MACOSX_DEPLOYMENT_TARGET = 10.11;
				MTL_ENABLE_DEBUG_INFO = NO;
				SDKROOT = macosx;
			};
			name = Release;
		};
		FE56302D1C302F5A0094EC24 /* Debug */ = {
			isa = XCBuildConfiguration;
			buildSettings = {
				PRODUCT_NAME = "$(TARGET_NAME)";
			};
			name = Debug;
		};
		FE56302E1C302F5A0094EC24 /* Release */ = {
			isa = XCBuildConfiguration;
			buildSettings = {
				PRODUCT_NAME = "$(TARGET_NAME)";
			};
			name = Release;
		};
/* End XCBuildConfiguration section */

/* Begin XCConfigurationList section */
		FE2FF6881C4AF72D003CD296 /* Build configuration list for PBXNativeTarget "motorsrunning" */ = {
			isa = XCConfigurationList;
			buildConfigurations = (
				FE2FF6891C4AF72D003CD296 /* Debug */,
				FE2FF68A1C4AF72D003CD296 /* Release */,
			);
			defaultConfigurationIsVisible = 0;
			defaultConfigurationName = Release;
		};
		FE5630201C302F5A0094EC24 /* Build configuration list for PBXProject "get_msp_telemetry" */ = {
			isa = XCConfigurationList;
			buildConfigurations = (
				FE56302A1C302F5A0094EC24 /* Debug */,
				FE56302B1C302F5A0094EC24 /* Release */,
			);
			defaultConfigurationIsVisible = 0;
			defaultConfigurationName = Release;
		};
		FE56302C1C302F5A0094EC24 /* Build configuration list for PBXNativeTarget "get_msp_telemetry" */ = {
			isa = XCConfigurationList;
			buildConfigurations = (
				FE56302D1C302F5A0094EC24 /* Debug */,
				FE56302E1C302F5A0094EC24 /* Release */,
			);
			defaultConfigurationIsVisible = 0;
			defaultConfigurationName = Release;
		};
/* End XCConfigurationList section */
	};
	rootObject = FE56301D1C302F5A0094EC24 /* Project object */;
}
